
Microsoft Visual Studio Solution File, Format Version 12.00
# Visual Studio 15
VisualStudioVersion = 15.0.28307.168
MinimumVisualStudioVersion = 10.0.40219.1
Project("{FAE04EC0-301F-11D3-BF4B-00C04F79EFBC}") = "ControllersAndActions", "ControllersAndActions\ControllersAndActions.csproj", "{439DED7E-CE90-4FC8-998F-2905B3008C1C}"
EndProject
Project("{FAE04EC0-301F-11D3-BF4B-00C04F79EFBC}") = "ControllersAndActions.Tests", "ControllersAndActions.Tests\ControllersAndActions.Tests.csproj", "{55AA0740-E19C-4E55-96CD-0AB14834C1C1}"
EndProject
Global
	GlobalSection(SolutionConfigurationPlatforms) = preSolution
		Debug|Any CPU = Debug|Any CPU
		Release|Any CPU = Release|Any CPU
	EndGlobalSection
	GlobalSection(ProjectConfigurationPlatforms) = postSolution
		{439DED7E-CE90-4FC8-998F-2905B3008C1C}.Debug|Any CPU.ActiveCfg = Debug|Any CPU
		{439DED7E-CE90-4FC8-998F-2905B3008C1C}.Debug|Any CPU.Build.0 = Debug|Any CPU
		{439DED7E-CE90-4FC8-998F-2905B3008C1C}.Release|Any CPU.ActiveCfg = Release|Any CPU
		{439DED7E-CE90-4FC8-998F-2905B3008C1C}.Release|Any CPU.Build.0 = Release|Any CPU
		{55AA0740-E19C-4E55-96CD-0AB14834C1C1}.Debug|Any CPU.ActiveCfg = Debug|Any CPU
		{55AA0740-E19C-4E55-96CD-0AB14834C1C1}.Debug|Any CPU.Build.0 = Debug|Any CPU
		{55AA0740-E19C-4E55-96CD-0AB14834C1C1}.Release|Any CPU.ActiveCfg = Release|Any CPU
		{55AA0740-E19C-4E55-96CD-0AB14834C1C1}.Release|Any CPU.Build.0 = Release|Any CPU
	EndGlobalSection
	GlobalSection(SolutionProperties) = preSolution
		HideSolutionNode = FALSE
	EndGlobalSection
	GlobalSection(ExtensibilityGlobals) = postSolution
		SolutionGuid = {3FDCB5E7-2999-44E6-8471-AC2746DFAE9C}
	EndGlobalSection
EndGlobal
