
Microsoft Visual Studio Solution File, Format Version 12.00
# Visual Studio 15
Project("{FAE04EC0-301F-11D3-BF4B-00C04F79EFBC}") = "LanguageFeatures", "LanguageFeatures\LanguageFeatures.csproj", "{C9911C04-7072-490C-AA49-75841FEACF7E}"
EndProject
Global
	GlobalSection(SolutionConfigurationPlatforms) = preSolution
		Debug|Any CPU = Debug|Any CPU
		Release|Any CPU = Release|Any CPU
	EndGlobalSection
	GlobalSection(ProjectConfigurationPlatforms) = postSolution
		{C9911C04-7072-490C-AA49-75841FEACF7E}.Debug|Any CPU.ActiveCfg = Debug|Any CPU
		{C9911C04-7072-490C-AA49-75841FEACF7E}.Debug|Any CPU.Build.0 = Debug|Any CPU
		{C9911C04-7072-490C-AA49-75841FEACF7E}.Release|Any CPU.ActiveCfg = Release|Any CPU
		{C9911C04-7072-490C-AA49-75841FEACF7E}.Release|Any CPU.Build.0 = Release|Any CPU
	EndGlobalSection
EndGlobal
