
Microsoft Visual Studio Solution File, Format Version 12.00
# Visual Studio 15
VisualStudioVersion = 15.0.28307.168
MinimumVisualStudioVersion = 10.0.40219.1
Project("{9A19103F-16F7-4668-BE54-9A1E7A4F7556}") = "Filters", "Filters\Filters.csproj", "{AFAC0175-4235-4A3D-9C23-6ADEFE7029D6}"
EndProject
Project("{FAE04EC0-301F-11D3-BF4B-00C04F79EFBC}") = "FilterTests", "FilterTests\FilterTests.csproj", "{E522346B-7644-4249-956B-7B2798415EB3}"
EndProject
Global
	GlobalSection(SolutionConfigurationPlatforms) = preSolution
		Debug|Any CPU = Debug|Any CPU
		Release|Any CPU = Release|Any CPU
	EndGlobalSection
	GlobalSection(ProjectConfigurationPlatforms) = postSolution
		{AFAC0175-4235-4A3D-9C23-6ADEFE7029D6}.Debug|Any CPU.ActiveCfg = Debug|Any CPU
		{AFAC0175-4235-4A3D-9C23-6ADEFE7029D6}.Debug|Any CPU.Build.0 = Debug|Any CPU
		{AFAC0175-4235-4A3D-9C23-6ADEFE7029D6}.Release|Any CPU.ActiveCfg = Release|Any CPU
		{AFAC0175-4235-4A3D-9C23-6ADEFE7029D6}.Release|Any CPU.Build.0 = Release|Any CPU
		{E522346B-7644-4249-956B-7B2798415EB3}.Debug|Any CPU.ActiveCfg = Debug|Any CPU
		{E522346B-7644-4249-956B-7B2798415EB3}.Debug|Any CPU.Build.0 = Debug|Any CPU
		{E522346B-7644-4249-956B-7B2798415EB3}.Release|Any CPU.ActiveCfg = Release|Any CPU
		{E522346B-7644-4249-956B-7B2798415EB3}.Release|Any CPU.Build.0 = Release|Any CPU
	EndGlobalSection
	GlobalSection(SolutionProperties) = preSolution
		HideSolutionNode = FALSE
	EndGlobalSection
	GlobalSection(ExtensibilityGlobals) = postSolution
		SolutionGuid = {7C4F3253-6D35-41FD-A1FB-B73B4DAF50BB}
	EndGlobalSection
EndGlobal
